// !$*UTF8*$!
{
	archiveVersion = 1;
	classes = {
	};
	objectVersion = 56;
	objects = {

/* Begin PBXBuildFile section */
		4F06124C2B7E421E00B29A65 /* WeatherRecommendApp.swift in Sources */ = {isa = PBXBuildFile; fileRef = 4F06124B2B7E421E00B29A65 /* WeatherRecommendApp.swift */; };
		4F357BBC2B75044A00374392 /* Assets.xcassets in Resources */ = {isa = PBXBuildFile; fileRef = 4F357BBB2B75044A00374392 /* Assets.xcassets */; };
		4F357BBF2B75044A00374392 /* Preview Assets.xcassets in Resources */ = {isa = PBXBuildFile; fileRef = 4F357BBE2B75044A00374392 /* Preview Assets.xcassets */; };
		4F357BC92B75044A00374392 /* WeatherRecommendTests.swift in Sources */ = {isa = PBXBuildFile; fileRef = 4F357BC82B75044A00374392 /* WeatherRecommendTests.swift */; };
		4F357BD32B75044A00374392 /* WeatherRecommendUITests.swift in Sources */ = {isa = PBXBuildFile; fileRef = 4F357BD22B75044A00374392 /* WeatherRecommendUITests.swift */; };
		4F357BD52B75044A00374392 /* WeatherRecommendUITestsLaunchTests.swift in Sources */ = {isa = PBXBuildFile; fileRef = 4F357BD42B75044A00374392 /* WeatherRecommendUITestsLaunchTests.swift */; };
		4F357BEF2B7512D800374392 /* WeatherView2.swift in Sources */ = {isa = PBXBuildFile; fileRef = 4F357BEE2B7512D800374392 /* WeatherView2.swift */; };
		4F9F362B2B8A0A14005268E9 /* Input1.swift in Sources */ = {isa = PBXBuildFile; fileRef = 4F9F362A2B8A0A14005268E9 /* Input1.swift */; };
		4F9F362D2B8A0E21005268E9 /* Input3.swift in Sources */ = {isa = PBXBuildFile; fileRef = 4F9F362C2B8A0E21005268E9 /* Input3.swift */; };
		4F9F362F2B8A0E2D005268E9 /* Input4.swift in Sources */ = {isa = PBXBuildFile; fileRef = 4F9F362E2B8A0E2D005268E9 /* Input4.swift */; };
		4F9F36312B8A0E36005268E9 /* Input5.swift in Sources */ = {isa = PBXBuildFile; fileRef = 4F9F36302B8A0E36005268E9 /* Input5.swift */; };
		4F9F36332B8A0E3F005268E9 /* Input6.swift in Sources */ = {isa = PBXBuildFile; fileRef = 4F9F36322B8A0E3F005268E9 /* Input6.swift */; };
		4F9F36352B8A0E51005268E9 /* Input7.swift in Sources */ = {isa = PBXBuildFile; fileRef = 4F9F36342B8A0E51005268E9 /* Input7.swift */; };
		4F9F36372B8A0E5A005268E9 /* Input8.swift in Sources */ = {isa = PBXBuildFile; fileRef = 4F9F36362B8A0E5A005268E9 /* Input8.swift */; };
		4FFE29E02B7B49F000EBA027 /* Input2.swift in Sources */ = {isa = PBXBuildFile; fileRef = 4FFE29DF2B7B49F000EBA027 /* Input2.swift */; };
/* End PBXBuildFile section */

/* Begin PBXContainerItemProxy section */
		4F357BC52B75044A00374392 /* PBXContainerItemProxy */ = {
			isa = PBXContainerItemProxy;
			containerPortal = 4F357BAC2B75044900374392 /* Project object */;
			proxyType = 1;
			remoteGlobalIDString = 4F357BB32B75044900374392;
			remoteInfo = WeatherRecommend;
		};
		4F357BCF2B75044A00374392 /* PBXContainerItemProxy */ = {
			isa = PBXContainerItemProxy;
			containerPortal = 4F357BAC2B75044900374392 /* Project object */;
			proxyType = 1;
			remoteGlobalIDString = 4F357BB32B75044900374392;
			remoteInfo = WeatherRecommend;
		};
/* End PBXContainerItemProxy section */

/* Begin PBXFileReference section */
		4F06124B2B7E421E00B29A65 /* WeatherRecommendApp.swift */ = {isa = PBXFileReference; lastKnownFileType = sourcecode.swift; path = WeatherRecommendApp.swift; sourceTree = "<group>"; };
		4F357BB42B75044900374392 /* WeatherRecommend.app */ = {isa = PBXFileReference; explicitFileType = wrapper.application; includeInIndex = 0; path = WeatherRecommend.app; sourceTree = BUILT_PRODUCTS_DIR; };
		4F357BBB2B75044A00374392 /* Assets.xcassets */ = {isa = PBXFileReference; lastKnownFileType = folder.assetcatalog; path = Assets.xcassets; sourceTree = "<group>"; };
		4F357BBE2B75044A00374392 /* Preview Assets.xcassets */ = {isa = PBXFileReference; lastKnownFileType = folder.assetcatalog; path = "Preview Assets.xcassets"; sourceTree = "<group>"; };
		4F357BC42B75044A00374392 /* WeatherRecommendTests.xctest */ = {isa = PBXFileReference; explicitFileType = wrapper.cfbundle; includeInIndex = 0; path = WeatherRecommendTests.xctest; sourceTree = BUILT_PRODUCTS_DIR; };
		4F357BC82B75044A00374392 /* WeatherRecommendTests.swift */ = {isa = PBXFileReference; lastKnownFileType = sourcecode.swift; path = WeatherRecommendTests.swift; sourceTree = "<group>"; };
		4F357BCE2B75044A00374392 /* WeatherRecommendUITests.xctest */ = {isa = PBXFileReference; explicitFileType = wrapper.cfbundle; includeInIndex = 0; path = WeatherRecommendUITests.xctest; sourceTree = BUILT_PRODUCTS_DIR; };
		4F357BD22B75044A00374392 /* WeatherRecommendUITests.swift */ = {isa = PBXFileReference; lastKnownFileType = sourcecode.swift; path = WeatherRecommendUITests.swift; sourceTree = "<group>"; };
		4F357BD42B75044A00374392 /* WeatherRecommendUITestsLaunchTests.swift */ = {isa = PBXFileReference; lastKnownFileType = sourcecode.swift; path = WeatherRecommendUITestsLaunchTests.swift; sourceTree = "<group>"; };
		4F357BEE2B7512D800374392 /* WeatherView2.swift */ = {isa = PBXFileReference; lastKnownFileType = sourcecode.swift; path = WeatherView2.swift; sourceTree = "<group>"; };
		4F9F362A2B8A0A14005268E9 /* Input1.swift */ = {isa = PBXFileReference; lastKnownFileType = sourcecode.swift; path = Input1.swift; sourceTree = "<group>"; };
		4F9F362C2B8A0E21005268E9 /* Input3.swift */ = {isa = PBXFileReference; lastKnownFileType = sourcecode.swift; path = Input3.swift; sourceTree = "<group>"; };
		4F9F362E2B8A0E2D005268E9 /* Input4.swift */ = {isa = PBXFileReference; lastKnownFileType = sourcecode.swift; path = Input4.swift; sourceTree = "<group>"; };
		4F9F36302B8A0E36005268E9 /* Input5.swift */ = {isa = PBXFileReference; lastKnownFileType = sourcecode.swift; path = Input5.swift; sourceTree = "<group>"; };
		4F9F36322B8A0E3F005268E9 /* Input6.swift */ = {isa = PBXFileReference; lastKnownFileType = sourcecode.swift; path = Input6.swift; sourceTree = "<group>"; };
		4F9F36342B8A0E51005268E9 /* Input7.swift */ = {isa = PBXFileReference; lastKnownFileType = sourcecode.swift; path = Input7.swift; sourceTree = "<group>"; };
		4F9F36362B8A0E5A005268E9 /* Input8.swift */ = {isa = PBXFileReference; lastKnownFileType = sourcecode.swift; path = Input8.swift; sourceTree = "<group>"; };
		4FFE29DF2B7B49F000EBA027 /* Input2.swift */ = {isa = PBXFileReference; lastKnownFileType = sourcecode.swift; path = Input2.swift; sourceTree = "<group>"; };
/* End PBXFileReference section */

/* Begin PBXFrameworksBuildPhase section */
		4F357BB12B75044900374392 /* Frameworks */ = {
			isa = PBXFrameworksBuildPhase;
			buildActionMask = 2147483647;
			files = (
			);
			runOnlyForDeploymentPostprocessing = 0;
		};
		4F357BC12B75044A00374392 /* Frameworks */ = {
			isa = PBXFrameworksBuildPhase;
			buildActionMask = 2147483647;
			files = (
			);
			runOnlyForDeploymentPostprocessing = 0;
		};
		4F357BCB2B75044A00374392 /* Frameworks */ = {
			isa = PBXFrameworksBuildPhase;
			buildActionMask = 2147483647;
			files = (
			);
			runOnlyForDeploymentPostprocessing = 0;
		};
/* End PBXFrameworksBuildPhase section */

/* Begin PBXGroup section */
		4F357BAB2B75044900374392 = {
			isa = PBXGroup;
			children = (
				4F357BB62B75044900374392 /* WeatherRecommend */,
				4F357BC72B75044A00374392 /* WeatherRecommendTests */,
				4F357BD12B75044A00374392 /* WeatherRecommendUITests */,
				4F357BB52B75044900374392 /* Products */,
			);
			sourceTree = "<group>";
		};
		4F357BB52B75044900374392 /* Products */ = {
			isa = PBXGroup;
			children = (
				4F357BB42B75044900374392 /* WeatherRecommend.app */,
				4F357BC42B75044A00374392 /* WeatherRecommendTests.xctest */,
				4F357BCE2B75044A00374392 /* WeatherRecommendUITests.xctest */,
			);
			name = Products;
			sourceTree = "<group>";
		};
		4F357BB62B75044900374392 /* WeatherRecommend */ = {
			isa = PBXGroup;
			children = (
				4F357BBB2B75044A00374392 /* Assets.xcassets */,
				4F357BBD2B75044A00374392 /* Preview Content */,
				4F357BEE2B7512D800374392 /* WeatherView2.swift */,
				4FFE29DF2B7B49F000EBA027 /* Input2.swift */,
				4F06124B2B7E421E00B29A65 /* WeatherRecommendApp.swift */,
				4F9F362A2B8A0A14005268E9 /* Input1.swift */,
				4F9F362C2B8A0E21005268E9 /* Input3.swift */,
				4F9F362E2B8A0E2D005268E9 /* Input4.swift */,
				4F9F36302B8A0E36005268E9 /* Input5.swift */,
				4F9F36322B8A0E3F005268E9 /* Input6.swift */,
				4F9F36342B8A0E51005268E9 /* Input7.swift */,
				4F9F36362B8A0E5A005268E9 /* Input8.swift */,
			);
			path = WeatherRecommend;
			sourceTree = "<group>";
		};
		4F357BBD2B75044A00374392 /* Preview Content */ = {
			isa = PBXGroup;
			children = (
				4F357BBE2B75044A00374392 /* Preview Assets.xcassets */,
			);
			path = "Preview Content";
			sourceTree = "<group>";
		};
		4F357BC72B75044A00374392 /* WeatherRecommendTests */ = {
			isa = PBXGroup;
			children = (
				4F357BC82B75044A00374392 /* WeatherRecommendTests.swift */,
			);
			path = WeatherRecommendTests;
			sourceTree = "<group>";
		};
		4F357BD12B75044A00374392 /* WeatherRecommendUITests */ = {
			isa = PBXGroup;
			children = (
				4F357BD22B75044A00374392 /* WeatherRecommendUITests.swift */,
				4F357BD42B75044A00374392 /* WeatherRecommendUITestsLaunchTests.swift */,
			);
			path = WeatherRecommendUITests;
			sourceTree = "<group>";
		};
/* End PBXGroup section */

/* Begin PBXNativeTarget section */
		4F357BB32B75044900374392 /* WeatherRecommend */ = {
			isa = PBXNativeTarget;
			buildConfigurationList = 4F357BD82B75044A00374392 /* Build configuration list for PBXNativeTarget "WeatherRecommend" */;
			buildPhases = (
				4F357BB02B75044900374392 /* Sources */,
				4F357BB12B75044900374392 /* Frameworks */,
				4F357BB22B75044900374392 /* Resources */,
			);
			buildRules = (
			);
			dependencies = (
			);
			name = WeatherRecommend;
			productName = WeatherRecommend;
			productReference = 4F357BB42B75044900374392 /* WeatherRecommend.app */;
			productType = "com.apple.product-type.application";
		};
		4F357BC32B75044A00374392 /* WeatherRecommendTests */ = {
			isa = PBXNativeTarget;
			buildConfigurationList = 4F357BDB2B75044A00374392 /* Build configuration list for PBXNativeTarget "WeatherRecommendTests" */;
			buildPhases = (
				4F357BC02B75044A00374392 /* Sources */,
				4F357BC12B75044A00374392 /* Frameworks */,
				4F357BC22B75044A00374392 /* Resources */,
			);
			buildRules = (
			);
			dependencies = (
				4F357BC62B75044A00374392 /* PBXTargetDependency */,
			);
			name = WeatherRecommendTests;
			productName = WeatherRecommendTests;
			productReference = 4F357BC42B75044A00374392 /* WeatherRecommendTests.xctest */;
			productType = "com.apple.product-type.bundle.unit-test";
		};
		4F357BCD2B75044A00374392 /* WeatherRecommendUITests */ = {
			isa = PBXNativeTarget;
			buildConfigurationList = 4F357BDE2B75044A00374392 /* Build configuration list for PBXNativeTarget "WeatherRecommendUITests" */;
			buildPhases = (
				4F357BCA2B75044A00374392 /* Sources */,
				4F357BCB2B75044A00374392 /* Frameworks */,
				4F357BCC2B75044A00374392 /* Resources */,
			);
			buildRules = (
			);
			dependencies = (
				4F357BD02B75044A00374392 /* PBXTargetDependency */,
			);
			name = WeatherRecommendUITests;
			productName = WeatherRecommendUITests;
			productReference = 4F357BCE2B75044A00374392 /* WeatherRecommendUITests.xctest */;
			productType = "com.apple.product-type.bundle.ui-testing";
		};
/* End PBXNativeTarget section */

/* Begin PBXProject section */
		4F357BAC2B75044900374392 /* Project object */ = {
			isa = PBXProject;
			attributes = {
				BuildIndependentTargetsInParallel = 1;
				LastSwiftUpdateCheck = 1520;
				LastUpgradeCheck = 1520;
				TargetAttributes = {
					4F357BB32B75044900374392 = {
						CreatedOnToolsVersion = 15.2;
					};
					4F357BC32B75044A00374392 = {
						CreatedOnToolsVersion = 15.2;
						TestTargetID = 4F357BB32B75044900374392;
					};
					4F357BCD2B75044A00374392 = {
						CreatedOnToolsVersion = 15.2;
						TestTargetID = 4F357BB32B75044900374392;
					};
				};
			};
			buildConfigurationList = 4F357BAF2B75044900374392 /* Build configuration list for PBXProject "WeatherRecommend" */;
			compatibilityVersion = "Xcode 14.0";
			developmentRegion = en;
			hasScannedForEncodings = 0;
			knownRegions = (
				en,
				Base,
			);
			mainGroup = 4F357BAB2B75044900374392;
			productRefGroup = 4F357BB52B75044900374392 /* Products */;
			projectDirPath = "";
			projectRoot = "";
			targets = (
				4F357BB32B75044900374392 /* WeatherRecommend */,
				4F357BC32B75044A00374392 /* WeatherRecommendTests */,
				4F357BCD2B75044A00374392 /* WeatherRecommendUITests */,
			);
		};
/* End PBXProject section */

/* Begin PBXResourcesBuildPhase section */
		4F357BB22B75044900374392 /* Resources */ = {
			isa = PBXResourcesBuildPhase;
			buildActionMask = 2147483647;
			files = (
				4F357BBF2B75044A00374392 /* Preview Assets.xcassets in Resources */,
				4F357BBC2B75044A00374392 /* Assets.xcassets in Resources */,
			);
			runOnlyForDeploymentPostprocessing = 0;
		};
		4F357BC22B75044A00374392 /* Resources */ = {
			isa = PBXResourcesBuildPhase;
			buildActionMask = 2147483647;
			files = (
			);
			runOnlyForDeploymentPostprocessing = 0;
		};
		4F357BCC2B75044A00374392 /* Resources */ = {
			isa = PBXResourcesBuildPhase;
			buildActionMask = 2147483647;
			files = (
			);
			runOnlyForDeploymentPostprocessing = 0;
		};
/* End PBXResourcesBuildPhase section */

/* Begin PBXSourcesBuildPhase section */
		4F357BB02B75044900374392 /* Sources */ = {
			isa = PBXSourcesBuildPhase;
			buildActionMask = 2147483647;
			files = (
				4F9F362B2B8A0A14005268E9 /* Input1.swift in Sources */,
				4F357BEF2B7512D800374392 /* WeatherView2.swift in Sources */,
				4F06124C2B7E421E00B29A65 /* WeatherRecommendApp.swift in Sources */,
				4FFE29E02B7B49F000EBA027 /* Input2.swift in Sources */,
				4F9F36312B8A0E36005268E9 /* Input5.swift in Sources */,
				4F9F36352B8A0E51005268E9 /* Input7.swift in Sources */,
				4F9F36332B8A0E3F005268E9 /* Input6.swift in Sources */,
				4F9F362D2B8A0E21005268E9 /* Input3.swift in Sources */,
				4F9F362F2B8A0E2D005268E9 /* Input4.swift in Sources */,
				4F9F36372B8A0E5A005268E9 /* Input8.swift in Sources */,
			);
			runOnlyForDeploymentPostprocessing = 0;
		};
		4F357BC02B75044A00374392 /* Sources */ = {
			isa = PBXSourcesBuildPhase;
			buildActionMask = 2147483647;
			files = (
				4F357BC92B75044A00374392 /* WeatherRecommendTests.swift in Sources */,
			);
			runOnlyForDeploymentPostprocessing = 0;
		};
		4F357BCA2B75044A00374392 /* Sources */ = {
			isa = PBXSourcesBuildPhase;
			buildActionMask = 2147483647;
			files = (
				4F357BD52B75044A00374392 /* WeatherRecommendUITestsLaunchTests.swift in Sources */,
				4F357BD32B75044A00374392 /* WeatherRecommendUITests.swift in Sources */,
			);
			runOnlyForDeploymentPostprocessing = 0;
		};
/* End PBXSourcesBuildPhase section */

/* Begin PBXTargetDependency section */
		4F357BC62B75044A00374392 /* PBXTargetDependency */ = {
			isa = PBXTargetDependency;
			target = 4F357BB32B75044900374392 /* WeatherRecommend */;
			targetProxy = 4F357BC52B75044A00374392 /* PBXContainerItemProxy */;
		};
		4F357BD02B75044A00374392 /* PBXTargetDependency */ = {
			isa = PBXTargetDependency;
			target = 4F357BB32B75044900374392 /* WeatherRecommend */;
			targetProxy = 4F357BCF2B75044A00374392 /* PBXContainerItemProxy */;
		};
/* End PBXTargetDependency section */

/* Begin XCBuildConfiguration section */
		4F357BD62B75044A00374392 /* Debug */ = {
			isa = XCBuildConfiguration;
			buildSettings = {
				ALWAYS_SEARCH_USER_PATHS = NO;
				ASSETCATALOG_COMPILER_GENERATE_SWIFT_ASSET_SYMBOL_EXTENSIONS = YES;
				CLANG_ANALYZER_NONNULL = YES;
				CLANG_ANALYZER_NUMBER_OBJECT_CONVERSION = YES_AGGRESSIVE;
				CLANG_CXX_LANGUAGE_STANDARD = "gnu++20";
				CLANG_ENABLE_MODULES = YES;
				CLANG_ENABLE_OBJC_ARC = YES;
				CLANG_ENABLE_OBJC_WEAK = YES;
				CLANG_WARN_BLOCK_CAPTURE_AUTORELEASING = YES;
				CLANG_WARN_BOOL_CONVERSION = YES;
				CLANG_WARN_COMMA = YES;
				CLANG_WARN_CONSTANT_CONVERSION = YES;
				CLANG_WARN_DEPRECATED_OBJC_IMPLEMENTATIONS = YES;
				CLANG_WARN_DIRECT_OBJC_ISA_USAGE = YES_ERROR;
				CLANG_WARN_DOCUMENTATION_COMMENTS = YES;
				CLANG_WARN_EMPTY_BODY = YES;
				CLANG_WARN_ENUM_CONVERSION = YES;
				CLANG_WARN_INFINITE_RECURSION = YES;
				CLANG_WARN_INT_CONVERSION = YES;
				CLANG_WARN_NON_LITERAL_NULL_CONVERSION = YES;
				CLANG_WARN_OBJC_IMPLICIT_RETAIN_SELF = YES;
				CLANG_WARN_OBJC_LITERAL_CONVERSION = YES;
				CLANG_WARN_OBJC_ROOT_CLASS = YES_ERROR;
				CLANG_WARN_QUOTED_INCLUDE_IN_FRAMEWORK_HEADER = YES;
				CLANG_WARN_RANGE_LOOP_ANALYSIS = YES;
				CLANG_WARN_STRICT_PROTOTYPES = YES;
				CLANG_WARN_SUSPICIOUS_MOVE = YES;
				CLANG_WARN_UNGUARDED_AVAILABILITY = YES_AGGRESSIVE;
				CLANG_WARN_UNREACHABLE_CODE = YES;
				CLANG_WARN__DUPLICATE_METHOD_MATCH = YES;
				COPY_PHASE_STRIP = NO;
				DEBUG_INFORMATION_FORMAT = dwarf;
				ENABLE_STRICT_OBJC_MSGSEND = YES;
				ENABLE_TESTABILITY = YES;
				ENABLE_USER_SCRIPT_SANDBOXING = YES;
				GCC_C_LANGUAGE_STANDARD = gnu17;
				GCC_DYNAMIC_NO_PIC = NO;
				GCC_NO_COMMON_BLOCKS = YES;
				GCC_OPTIMIZATION_LEVEL = 0;
				GCC_PREPROCESSOR_DEFINITIONS = (
					"DEBUG=1",
					"$(inherited)",
				);
				GCC_WARN_64_TO_32_BIT_CONVERSION = YES;
				GCC_WARN_ABOUT_RETURN_TYPE = YES_ERROR;
				GCC_WARN_UNDECLARED_SELECTOR = YES;
				GCC_WARN_UNINITIALIZED_AUTOS = YES_AGGRESSIVE;
				GCC_WARN_UNUSED_FUNCTION = YES;
				GCC_WARN_UNUSED_VARIABLE = YES;
				IPHONEOS_DEPLOYMENT_TARGET = 17.2;
				LOCALIZATION_PREFERS_STRING_CATALOGS = YES;
				MTL_ENABLE_DEBUG_INFO = INCLUDE_SOURCE;
				MTL_FAST_MATH = YES;
				ONLY_ACTIVE_ARCH = YES;
				SDKROOT = iphoneos;
				SWIFT_ACTIVE_COMPILATION_CONDITIONS = "DEBUG $(inherited)";
				SWIFT_OPTIMIZATION_LEVEL = "-Onone";
			};
			name = Debug;
		};
		4F357BD72B75044A00374392 /* Release */ = {
			isa = XCBuildConfiguration;
			buildSettings = {
				ALWAYS_SEARCH_USER_PATHS = NO;
				ASSETCATALOG_COMPILER_GENERATE_SWIFT_ASSET_SYMBOL_EXTENSIONS = YES;
				CLANG_ANALYZER_NONNULL = YES;
				CLANG_ANALYZER_NUMBER_OBJECT_CONVERSION = YES_AGGRESSIVE;
				CLANG_CXX_LANGUAGE_STANDARD = "gnu++20";
				CLANG_ENABLE_MODULES = YES;
				CLANG_ENABLE_OBJC_ARC = YES;
				CLANG_ENABLE_OBJC_WEAK = YES;
				CLANG_WARN_BLOCK_CAPTURE_AUTORELEASING = YES;
				CLANG_WARN_BOOL_CONVERSION = YES;
				CLANG_WARN_COMMA = YES;
				CLANG_WARN_CONSTANT_CONVERSION = YES;
				CLANG_WARN_DEPRECATED_OBJC_IMPLEMENTATIONS = YES;
				CLANG_WARN_DIRECT_OBJC_ISA_USAGE = YES_ERROR;
				CLANG_WARN_DOCUMENTATION_COMMENTS = YES;
				CLANG_WARN_EMPTY_BODY = YES;
				CLANG_WARN_ENUM_CONVERSION = YES;
				CLANG_WARN_INFINITE_RECURSION = YES;
				CLANG_WARN_INT_CONVERSION = YES;
				CLANG_WARN_NON_LITERAL_NULL_CONVERSION = YES;
				CLANG_WARN_OBJC_IMPLICIT_RETAIN_SELF = YES;
				CLANG_WARN_OBJC_LITERAL_CONVERSION = YES;
				CLANG_WARN_OBJC_ROOT_CLASS = YES_ERROR;
				CLANG_WARN_QUOTED_INCLUDE_IN_FRAMEWORK_HEADER = YES;
				CLANG_WARN_RANGE_LOOP_ANALYSIS = YES;
				CLANG_WARN_STRICT_PROTOTYPES = YES;
				CLANG_WARN_SUSPICIOUS_MOVE = YES;
				CLANG_WARN_UNGUARDED_AVAILABILITY = YES_AGGRESSIVE;
				CLANG_WARN_UNREACHABLE_CODE = YES;
				CLANG_WARN__DUPLICATE_METHOD_MATCH = YES;
				COPY_PHASE_STRIP = NO;
				DEBUG_INFORMATION_FORMAT = "dwarf-with-dsym";
				ENABLE_NS_ASSERTIONS = NO;
				ENABLE_STRICT_OBJC_MSGSEND = YES;
				ENABLE_USER_SCRIPT_SANDBOXING = YES;
				GCC_C_LANGUAGE_STANDARD = gnu17;
				GCC_NO_COMMON_BLOCKS = YES;
				GCC_WARN_64_TO_32_BIT_CONVERSION = YES;
				GCC_WARN_ABOUT_RETURN_TYPE = YES_ERROR;
				GCC_WARN_UNDECLARED_SELECTOR = YES;
				GCC_WARN_UNINITIALIZED_AUTOS = YES_AGGRESSIVE;
				GCC_WARN_UNUSED_FUNCTION = YES;
				GCC_WARN_UNUSED_VARIABLE = YES;
				IPHONEOS_DEPLOYMENT_TARGET = 17.2;
				LOCALIZATION_PREFERS_STRING_CATALOGS = YES;
				MTL_ENABLE_DEBUG_INFO = NO;
				MTL_FAST_MATH = YES;
				SDKROOT = iphoneos;
				SWIFT_COMPILATION_MODE = wholemodule;
				VALIDATE_PRODUCT = YES;
			};
			name = Release;
		};
		4F357BD92B75044A00374392 /* Debug */ = {
			isa = XCBuildConfiguration;
			buildSettings = {
				ASSETCATALOG_COMPILER_APPICON_NAME = AppIcon;
				ASSETCATALOG_COMPILER_GLOBAL_ACCENT_COLOR_NAME = AccentColor;
				CODE_SIGN_STYLE = Automatic;
				CURRENT_PROJECT_VERSION = 1;
				DEVELOPMENT_ASSET_PATHS = "\"WeatherRecommend/Preview Content\"";
				ENABLE_PREVIEWS = YES;
				GENERATE_INFOPLIST_FILE = YES;
				INFOPLIST_KEY_UIApplicationSceneManifest_Generation = YES;
				INFOPLIST_KEY_UIApplicationSupportsIndirectInputEvents = YES;
				INFOPLIST_KEY_UILaunchScreen_Generation = YES;
				INFOPLIST_KEY_UISupportedInterfaceOrientations_iPad = "UIInterfaceOrientationPortrait UIInterfaceOrientationPortraitUpsideDown UIInterfaceOrientationLandscapeLeft UIInterfaceOrientationLandscapeRight";
				INFOPLIST_KEY_UISupportedInterfaceOrientations_iPhone = "UIInterfaceOrientationPortrait UIInterfaceOrientationLandscapeLeft UIInterfaceOrientationLandscapeRight";
				LD_RUNPATH_SEARCH_PATHS = (
					"$(inherited)",
					"@executable_path/Frameworks",
				);
				MARKETING_VERSION = 1.0;
				PRODUCT_BUNDLE_IDENTIFIER = asd.WeatherRecommend;
				PRODUCT_NAME = "$(TARGET_NAME)";
				SWIFT_EMIT_LOC_STRINGS = YES;
				SWIFT_VERSION = 5.0;
				TARGETED_DEVICE_FAMILY = "1,2";
			};
			name = Debug;
		};
		4F357BDA2B75044A00374392 /* Release */ = {
			isa = XCBuildConfiguration;
			buildSettings = {
				ASSETCATALOG_COMPILER_APPICON_NAME = AppIcon;
				ASSETCATALOG_COMPILER_GLOBAL_ACCENT_COLOR_NAME = AccentColor;
				CODE_SIGN_STYLE = Automatic;
				CURRENT_PROJECT_VERSION = 1;
				DEVELOPMENT_ASSET_PATHS = "\"WeatherRecommend/Preview Content\"";
				ENABLE_PREVIEWS = YES;
				GENERATE_INFOPLIST_FILE = YES;
				INFOPLIST_KEY_UIApplicationSceneManifest_Generation = YES;
				INFOPLIST_KEY_UIApplicationSupportsIndirectInputEvents = YES;
				INFOPLIST_KEY_UILaunchScreen_Generation = YES;
				INFOPLIST_KEY_UISupportedInterfaceOrientations_iPad = "UIInterfaceOrientationPortrait UIInterfaceOrientationPortraitUpsideDown UIInterfaceOrientationLandscapeLeft UIInterfaceOrientationLandscapeRight";
				INFOPLIST_KEY_UISupportedInterfaceOrientations_iPhone = "UIInterfaceOrientationPortrait UIInterfaceOrientationLandscapeLeft UIInterfaceOrientationLandscapeRight";
				LD_RUNPATH_SEARCH_PATHS = (
					"$(inherited)",
					"@executable_path/Frameworks",
				);
				MARKETING_VERSION = 1.0;
				PRODUCT_BUNDLE_IDENTIFIER = asd.WeatherRecommend;
				PRODUCT_NAME = "$(TARGET_NAME)";
				SWIFT_EMIT_LOC_STRINGS = YES;
				SWIFT_VERSION = 5.0;
				TARGETED_DEVICE_FAMILY = "1,2";
			};
			name = Release;
		};
		4F357BDC2B75044A00374392 /* Debug */ = {
			isa = XCBuildConfiguration;
			buildSettings = {
				ALWAYS_EMBED_SWIFT_STANDARD_LIBRARIES = YES;
				BUNDLE_LOADER = "$(TEST_HOST)";
				CODE_SIGN_STYLE = Automatic;
				CURRENT_PROJECT_VERSION = 1;
				GENERATE_INFOPLIST_FILE = YES;
				IPHONEOS_DEPLOYMENT_TARGET = 17.2;
				MARKETING_VERSION = 1.0;
				PRODUCT_BUNDLE_IDENTIFIER = asd.WeatherRecommendTests;
				PRODUCT_NAME = "$(TARGET_NAME)";
				SWIFT_EMIT_LOC_STRINGS = NO;
				SWIFT_VERSION = 5.0;
				TARGETED_DEVICE_FAMILY = "1,2";
				TEST_HOST = "$(BUILT_PRODUCTS_DIR)/WeatherRecommend.app/$(BUNDLE_EXECUTABLE_FOLDER_PATH)/WeatherRecommend";
			};
			name = Debug;
		};
		4F357BDD2B75044A00374392 /* Release */ = {
			isa = XCBuildConfiguration;
			buildSettings = {
				ALWAYS_EMBED_SWIFT_STANDARD_LIBRARIES = YES;
				BUNDLE_LOADER = "$(TEST_HOST)";
				CODE_SIGN_STYLE = Automatic;
				CURRENT_PROJECT_VERSION = 1;
				GENERATE_INFOPLIST_FILE = YES;
				IPHONEOS_DEPLOYMENT_TARGET = 17.2;
				MARKETING_VERSION = 1.0;
				PRODUCT_BUNDLE_IDENTIFIER = asd.WeatherRecommendTests;
				PRODUCT_NAME = "$(TARGET_NAME)";
				SWIFT_EMIT_LOC_STRINGS = NO;
				SWIFT_VERSION = 5.0;
				TARGETED_DEVICE_FAMILY = "1,2";
				TEST_HOST = "$(BUILT_PRODUCTS_DIR)/WeatherRecommend.app/$(BUNDLE_EXECUTABLE_FOLDER_PATH)/WeatherRecommend";
			};
			name = Release;
		};
		4F357BDF2B75044A00374392 /* Debug */ = {
			isa = XCBuildConfiguration;
			buildSettings = {
				ALWAYS_EMBED_SWIFT_STANDARD_LIBRARIES = YES;
				CODE_SIGN_STYLE = Automatic;
				CURRENT_PROJECT_VERSION = 1;
				GENERATE_INFOPLIST_FILE = YES;
				MARKETING_VERSION = 1.0;
				PRODUCT_BUNDLE_IDENTIFIER = asd.WeatherRecommendUITests;
				PRODUCT_NAME = "$(TARGET_NAME)";
				SWIFT_EMIT_LOC_STRINGS = NO;
				SWIFT_VERSION = 5.0;
				TARGETED_DEVICE_FAMILY = "1,2";
				TEST_TARGET_NAME = WeatherRecommend;
			};
			name = Debug;
		};
		4F357BE02B75044A00374392 /* Release */ = {
			isa = XCBuildConfiguration;
			buildSettings = {
				ALWAYS_EMBED_SWIFT_STANDARD_LIBRARIES = YES;
				CODE_SIGN_STYLE = Automatic;
				CURRENT_PROJECT_VERSION = 1;
				GENERATE_INFOPLIST_FILE = YES;
				MARKETING_VERSION = 1.0;
				PRODUCT_BUNDLE_IDENTIFIER = asd.WeatherRecommendUITests;
				PRODUCT_NAME = "$(TARGET_NAME)";
				SWIFT_EMIT_LOC_STRINGS = NO;
				SWIFT_VERSION = 5.0;
				TARGETED_DEVICE_FAMILY = "1,2";
				TEST_TARGET_NAME = WeatherRecommend;
			};
			name = Release;
		};
/* End XCBuildConfiguration section */

/* Begin XCConfigurationList section */
		4F357BAF2B75044900374392 /* Build configuration list for PBXProject "WeatherRecommend" */ = {
			isa = XCConfigurationList;
			buildConfigurations = (
				4F357BD62B75044A00374392 /* Debug */,
				4F357BD72B75044A00374392 /* Release */,
			);
			defaultConfigurationIsVisible = 0;
			defaultConfigurationName = Release;
		};
		4F357BD82B75044A00374392 /* Build configuration list for PBXNativeTarget "WeatherRecommend" */ = {
			isa = XCConfigurationList;
			buildConfigurations = (
				4F357BD92B75044A00374392 /* Debug */,
				4F357BDA2B75044A00374392 /* Release */,
			);
			defaultConfigurationIsVisible = 0;
			defaultConfigurationName = Release;
		};
		4F357BDB2B75044A00374392 /* Build configuration list for PBXNativeTarget "WeatherRecommendTests" */ = {
			isa = XCConfigurationList;
			buildConfigurations = (
				4F357BDC2B75044A00374392 /* Debug */,
				4F357BDD2B75044A00374392 /* Release */,
			);
			defaultConfigurationIsVisible = 0;
			defaultConfigurationName = Release;
		};
		4F357BDE2B75044A00374392 /* Build configuration list for PBXNativeTarget "WeatherRecommendUITests" */ = {
			isa = XCConfigurationList;
			buildConfigurations = (
				4F357BDF2B75044A00374392 /* Debug */,
				4F357BE02B75044A00374392 /* Release */,
			);
			defaultConfigurationIsVisible = 0;
			defaultConfigurationName = Release;
		};
/* End XCConfigurationList section */
	};
	rootObject = 4F357BAC2B75044900374392 /* Project object */;
}
